// !$*UTF8*$!
{
	archiveVersion = 1;
	classes = {
	};
	objectVersion = 46;
	objects = {

/* Begin PBXBuildFile section */
		A650573E1D0F702B0060DD62 /* AppDelegate.swift in Sources */ = {isa = PBXBuildFile; fileRef = A650573D1D0F702B0060DD62 /* AppDelegate.swift */; };
		A65057401D0F702B0060DD62 /* ViewController.swift in Sources */ = {isa = PBXBuildFile; fileRef = A650573F1D0F702B0060DD62 /* ViewController.swift */; };
		A65057431D0F702B0060DD62 /* Main.storyboard in Resources */ = {isa = PBXBuildFile; fileRef = A65057411D0F702B0060DD62 /* Main.storyboard */; };
		A65057461D0F702B0060DD62 /* DublinBicycleStands.xcdatamodeld in Sources */ = {isa = PBXBuildFile; fileRef = A65057441D0F702B0060DD62 /* DublinBicycleStands.xcdatamodeld */; };
		A65057481D0F702B0060DD62 /* Assets.xcassets in Resources */ = {isa = PBXBuildFile; fileRef = A65057471D0F702B0060DD62 /* Assets.xcassets */; };
		A650574B1D0F702B0060DD62 /* LaunchScreen.storyboard in Resources */ = {isa = PBXBuildFile; fileRef = A65057491D0F702B0060DD62 /* LaunchScreen.storyboard */; };
		A65057561D0F702C0060DD62 /* DublinBicycleStandsTests.swift in Sources */ = {isa = PBXBuildFile; fileRef = A65057551D0F702C0060DD62 /* DublinBicycleStandsTests.swift */; };
/* End PBXBuildFile section */

/* Begin PBXContainerItemProxy section */
		A65057521D0F702C0060DD62 /* PBXContainerItemProxy */ = {
			isa = PBXContainerItemProxy;
			containerPortal = A65057321D0F702B0060DD62 /* Project object */;
			proxyType = 1;
			remoteGlobalIDString = A65057391D0F702B0060DD62;
			remoteInfo = DublinBicycleStands;
		};
/* End PBXContainerItemProxy section */

/* Begin PBXFileReference section */
		A650573A1D0F702B0060DD62 /* DublinBicycleStands.app */ = {isa = PBXFileReference; explicitFileType = wrapper.application; includeInIndex = 0; path = DublinBicycleStands.app; sourceTree = BUILT_PRODUCTS_DIR; };
		A650573D1D0F702B0060DD62 /* AppDelegate.swift */ = {isa = PBXFileReference; lastKnownFileType = sourcecode.swift; path = AppDelegate.swift; sourceTree = "<group>"; };
		A650573F1D0F702B0060DD62 /* ViewController.swift */ = {isa = PBXFileReference; lastKnownFileType = sourcecode.swift; path = ViewController.swift; sourceTree = "<group>"; };
		A65057421D0F702B0060DD62 /* Base */ = {isa = PBXFileReference; lastKnownFileType = file.storyboard; name = Base; path = Base.lproj/Main.storyboard; sourceTree = "<group>"; };
		A65057451D0F702B0060DD62 /* DublinBicycleStands.xcdatamodel */ = {isa = PBXFileReference; lastKnownFileType = wrapper.xcdatamodel; path = DublinBicycleStands.xcdatamodel; sourceTree = "<group>"; };
		A65057471D0F702B0060DD62 /* Assets.xcassets */ = {isa = PBXFileReference; lastKnownFileType = folder.assetcatalog; path = Assets.xcassets; sourceTree = "<group>"; };
		A650574A1D0F702B0060DD62 /* Base */ = {isa = PBXFileReference; lastKnownFileType = file.storyboard; name = Base; path = Base.lproj/LaunchScreen.storyboard; sourceTree = "<group>"; };
		A650574C1D0F702B0060DD62 /* Info.plist */ = {isa = PBXFileReference; lastKnownFileType = text.plist.xml; path = Info.plist; sourceTree = "<group>"; };
		A65057511D0F702C0060DD62 /* DublinBicycleStandsTests.xctest */ = {isa = PBXFileReference; explicitFileType = wrapper.cfbundle; includeInIndex = 0; path = DublinBicycleStandsTests.xctest; sourceTree = BUILT_PRODUCTS_DIR; };
		A65057551D0F702C0060DD62 /* DublinBicycleStandsTests.swift */ = {isa = PBXFileReference; lastKnownFileType = sourcecode.swift; path = DublinBicycleStandsTests.swift; sourceTree = "<group>"; };
		A65057571D0F702C0060DD62 /* Info.plist */ = {isa = PBXFileReference; lastKnownFileType = text.plist.xml; path = Info.plist; sourceTree = "<group>"; };
/* End PBXFileReference section */

/* Begin PBXFrameworksBuildPhase section */
		A65057371D0F702B0060DD62 /* Frameworks */ = {
			isa = PBXFrameworksBuildPhase;
			buildActionMask = 2147483647;
			files = (
			);
			runOnlyForDeploymentPostprocessing = 0;
		};
		A650574E1D0F702C0060DD62 /* Frameworks */ = {
			isa = PBXFrameworksBuildPhase;
			buildActionMask = 2147483647;
			files = (
			);
			runOnlyForDeploymentPostprocessing = 0;
		};
/* End PBXFrameworksBuildPhase section */

/* Begin PBXGroup section */
		A65057311D0F702B0060DD62 = {
			isa = PBXGroup;
			children = (
				A650573C1D0F702B0060DD62 /* DublinBicycleStands */,
				A65057541D0F702C0060DD62 /* DublinBicycleStandsTests */,
				A650573B1D0F702B0060DD62 /* Products */,
			);
			sourceTree = "<group>";
		};
		A650573B1D0F702B0060DD62 /* Products */ = {
			isa = PBXGroup;
			children = (
				A650573A1D0F702B0060DD62 /* DublinBicycleStands.app */,
				A65057511D0F702C0060DD62 /* DublinBicycleStandsTests.xctest */,
			);
			name = Products;
			sourceTree = "<group>";
		};
		A650573C1D0F702B0060DD62 /* DublinBicycleStands */ = {
			isa = PBXGroup;
			children = (
				A650573D1D0F702B0060DD62 /* AppDelegate.swift */,
				A650573F1D0F702B0060DD62 /* ViewController.swift */,
				A65057411D0F702B0060DD62 /* Main.storyboard */,
				A65057471D0F702B0060DD62 /* Assets.xcassets */,
				A65057491D0F702B0060DD62 /* LaunchScreen.storyboard */,
				A650574C1D0F702B0060DD62 /* Info.plist */,
				A65057441D0F702B0060DD62 /* DublinBicycleStands.xcdatamodeld */,
			);
			path = DublinBicycleStands;
			sourceTree = "<group>";
		};
		A65057541D0F702C0060DD62 /* DublinBicycleStandsTests */ = {
			isa = PBXGroup;
			children = (
				A65057551D0F702C0060DD62 /* DublinBicycleStandsTests.swift */,
				A65057571D0F702C0060DD62 /* Info.plist */,
			);
			path = DublinBicycleStandsTests;
			sourceTree = "<group>";
		};
/* End PBXGroup section */

/* Begin PBXNativeTarget section */
		A65057391D0F702B0060DD62 /* DublinBicycleStands */ = {
			isa = PBXNativeTarget;
			buildConfigurationList = A650575A1D0F702C0060DD62 /* Build configuration list for PBXNativeTarget "DublinBicycleStands" */;
			buildPhases = (
				A65057361D0F702B0060DD62 /* Sources */,
				A65057371D0F702B0060DD62 /* Frameworks */,
				A65057381D0F702B0060DD62 /* Resources */,
			);
			buildRules = (
			);
			dependencies = (
			);
			name = DublinBicycleStands;
			productName = DublinBicycleStands;
			productReference = A650573A1D0F702B0060DD62 /* DublinBicycleStands.app */;
			productType = "com.apple.product-type.application";
		};
		A65057501D0F702C0060DD62 /* DublinBicycleStandsTests */ = {
			isa = PBXNativeTarget;
			buildConfigurationList = A650575D1D0F702C0060DD62 /* Build configuration list for PBXNativeTarget "DublinBicycleStandsTests" */;
			buildPhases = (
				A650574D1D0F702C0060DD62 /* Sources */,
				A650574E1D0F702C0060DD62 /* Frameworks */,
				A650574F1D0F702C0060DD62 /* Resources */,
			);
			buildRules = (
			);
			dependencies = (
				A65057531D0F702C0060DD62 /* PBXTargetDependency */,
			);
			name = DublinBicycleStandsTests;
			productName = DublinBicycleStandsTests;
			productReference = A65057511D0F702C0060DD62 /* DublinBicycleStandsTests.xctest */;
			productType = "com.apple.product-type.bundle.unit-test";
		};
/* End PBXNativeTarget section */

/* Begin PBXProject section */
		A65057321D0F702B0060DD62 /* Project object */ = {
			isa = PBXProject;
			attributes = {
				LastSwiftUpdateCheck = 0730;
				LastUpgradeCheck = 0730;
				ORGANIZATIONNAME = "Brian Henry";
				TargetAttributes = {
					A65057391D0F702B0060DD62 = {
						CreatedOnToolsVersion = 7.3;
					};
					A65057501D0F702C0060DD62 = {
						CreatedOnToolsVersion = 7.3;
						TestTargetID = A65057391D0F702B0060DD62;
					};
				};
			};
			buildConfigurationList = A65057351D0F702B0060DD62 /* Build configuration list for PBXProject "DublinBicycleStands" */;
			compatibilityVersion = "Xcode 3.2";
			developmentRegion = English;
			hasScannedForEncodings = 0;
			knownRegions = (
				en,
				Base,
			);
			mainGroup = A65057311D0F702B0060DD62;
			productRefGroup = A650573B1D0F702B0060DD62 /* Products */;
			projectDirPath = "";
			projectRoot = "";
			targets = (
				A65057391D0F702B0060DD62 /* DublinBicycleStands */,
				A65057501D0F702C0060DD62 /* DublinBicycleStandsTests */,
			);
		};
/* End PBXProject section */

/* Begin PBXResourcesBuildPhase section */
		A65057381D0F702B0060DD62 /* Resources */ = {
			isa = PBXResourcesBuildPhase;
			buildActionMask = 2147483647;
			files = (
				A650574B1D0F702B0060DD62 /* LaunchScreen.storyboard in Resources */,
				A65057481D0F702B0060DD62 /* Assets.xcassets in Resources */,
				A65057431D0F702B0060DD62 /* Main.storyboard in Resources */,
			);
			runOnlyForDeploymentPostprocessing = 0;
		};
		A650574F1D0F702C0060DD62 /* Resources */ = {
			isa = PBXResourcesBuildPhase;
			buildActionMask = 2147483647;
			files = (
			);
			runOnlyForDeploymentPostprocessing = 0;
		};
/* End PBXResourcesBuildPhase section */

/* Begin PBXSourcesBuildPhase section */
		A65057361D0F702B0060DD62 /* Sources */ = {
			isa = PBXSourcesBuildPhase;
			buildActionMask = 2147483647;
			files = (
				A65057401D0F702B0060DD62 /* ViewController.swift in Sources */,
				A650573E1D0F702B0060DD62 /* AppDelegate.swift in Sources */,
				A65057461D0F702B0060DD62 /* DublinBicycleStands.xcdatamodeld in Sources */,
			);
			runOnlyForDeploymentPostprocessing = 0;
		};
		A650574D1D0F702C0060DD62 /* Sources */ = {
			isa = PBXSourcesBuildPhase;
			buildActionMask = 2147483647;
			files = (
				A65057561D0F702C0060DD62 /* DublinBicycleStandsTests.swift in Sources */,
			);
			runOnlyForDeploymentPostprocessing = 0;
		};
/* End PBXSourcesBuildPhase section */

/* Begin PBXTargetDependency section */
		A65057531D0F702C0060DD62 /* PBXTargetDependency */ = {
			isa = PBXTargetDependency;
			target = A65057391D0F702B0060DD62 /* DublinBicycleStands */;
			targetProxy = A65057521D0F702C0060DD62 /* PBXContainerItemProxy */;
		};
/* End PBXTargetDependency section */

/* Begin PBXVariantGroup section */
		A65057411D0F702B0060DD62 /* Main.storyboard */ = {
			isa = PBXVariantGroup;
			children = (
				A65057421D0F702B0060DD62 /* Base */,
			);
			name = Main.storyboard;
			sourceTree = "<group>";
		};
		A65057491D0F702B0060DD62 /* LaunchScreen.storyboard */ = {
			isa = PBXVariantGroup;
			children = (
				A650574A1D0F702B0060DD62 /* Base */,
			);
			name = LaunchScreen.storyboard;
			sourceTree = "<group>";
		};
/* End PBXVariantGroup section */

/* Begin XCBuildConfiguration section */
		A65057581D0F702C0060DD62 /* Debug */ = {
			isa = XCBuildConfiguration;
			buildSettings = {
				ALWAYS_SEARCH_USER_PATHS = NO;
				CLANG_ANALYZER_NONNULL = YES;
				CLANG_CXX_LANGUAGE_STANDARD = "gnu++0x";
				CLANG_CXX_LIBRARY = "libc++";
				CLANG_ENABLE_MODULES = YES;
				CLANG_ENABLE_OBJC_ARC = YES;
				CLANG_WARN_BOOL_CONVERSION = YES;
				CLANG_WARN_CONSTANT_CONVERSION = YES;
				CLANG_WARN_DIRECT_OBJC_ISA_USAGE = YES_ERROR;
				CLANG_WARN_EMPTY_BODY = YES;
				CLANG_WARN_ENUM_CONVERSION = YES;
				CLANG_WARN_INT_CONVERSION = YES;
				CLANG_WARN_OBJC_ROOT_CLASS = YES_ERROR;
				CLANG_WARN_UNREACHABLE_CODE = YES;
				CLANG_WARN__DUPLICATE_METHOD_MATCH = YES;
				"CODE_SIGN_IDENTITY[sdk=iphoneos*]" = "iPhone Developer";
				COPY_PHASE_STRIP = NO;
				DEBUG_INFORMATION_FORMAT = dwarf;
				ENABLE_STRICT_OBJC_MSGSEND = YES;
				ENABLE_TESTABILITY = YES;
				GCC_C_LANGUAGE_STANDARD = gnu99;
				GCC_DYNAMIC_NO_PIC = NO;
				GCC_NO_COMMON_BLOCKS = YES;
				GCC_OPTIMIZATION_LEVEL = 0;
				GCC_PREPROCESSOR_DEFINITIONS = (
					"DEBUG=1",
					"$(inherited)",
				);
				GCC_WARN_64_TO_32_BIT_CONVERSION = YES;
				GCC_WARN_ABOUT_RETURN_TYPE = YES_ERROR;
				GCC_WARN_UNDECLARED_SELECTOR = YES;
				GCC_WARN_UNINITIALIZED_AUTOS = YES_AGGRESSIVE;
				GCC_WARN_UNUSED_FUNCTION = YES;
				GCC_WARN_UNUSED_VARIABLE = YES;
				IPHONEOS_DEPLOYMENT_TARGET = 9.3;
				MTL_ENABLE_DEBUG_INFO = YES;
				ONLY_ACTIVE_ARCH = YES;
				SDKROOT = iphoneos;
				SWIFT_OPTIMIZATION_LEVEL = "-Onone";
				TARGETED_DEVICE_FAMILY = "1,2";
			};
			name = Debug;
		};
		A65057591D0F702C0060DD62 /* Release */ = {
			isa = XCBuildConfiguration;
			buildSettings = {
				ALWAYS_SEARCH_USER_PATHS = NO;
				CLANG_ANALYZER_NONNULL = YES;
				CLANG_CXX_LANGUAGE_STANDARD = "gnu++0x";
				CLANG_CXX_LIBRARY = "libc++";
				CLANG_ENABLE_MODULES = YES;
				CLANG_ENABLE_OBJC_ARC = YES;
				CLANG_WARN_BOOL_CONVERSION = YES;
				CLANG_WARN_CONSTANT_CONVERSION = YES;
				CLANG_WARN_DIRECT_OBJC_ISA_USAGE = YES_ERROR;
				CLANG_WARN_EMPTY_BODY = YES;
				CLANG_WARN_ENUM_CONVERSION = YES;
				CLANG_WARN_INT_CONVERSION = YES;
				CLANG_WARN_OBJC_ROOT_CLASS = YES_ERROR;
				CLANG_WARN_UNREACHABLE_CODE = YES;
				CLANG_WARN__DUPLICATE_METHOD_MATCH = YES;
				"CODE_SIGN_IDENTITY[sdk=iphoneos*]" = "iPhone Developer";
				COPY_PHASE_STRIP = NO;
				DEBUG_INFORMATION_FORMAT = "dwarf-with-dsym";
				ENABLE_NS_ASSERTIONS = NO;
				ENABLE_STRICT_OBJC_MSGSEND = YES;
				GCC_C_LANGUAGE_STANDARD = gnu99;
				GCC_NO_COMMON_BLOCKS = YES;
				GCC_WARN_64_TO_32_BIT_CONVERSION = YES;
				GCC_WARN_ABOUT_RETURN_TYPE = YES_ERROR;
				GCC_WARN_UNDECLARED_SELECTOR = YES;
				GCC_WARN_UNINITIALIZED_AUTOS = YES_AGGRESSIVE;
				GCC_WARN_UNUSED_FUNCTION = YES;
				GCC_WARN_UNUSED_VARIABLE = YES;
				IPHONEOS_DEPLOYMENT_TARGET = 9.3;
				MTL_ENABLE_DEBUG_INFO = NO;
				SDKROOT = iphoneos;
				TARGETED_DEVICE_FAMILY = "1,2";
				VALIDATE_PRODUCT = YES;
			};
			name = Release;
		};
		A650575B1D0F702C0060DD62 /* Debug */ = {
			isa = XCBuildConfiguration;
			buildSettings = {
				ASSETCATALOG_COMPILER_APPICON_NAME = AppIcon;
				INFOPLIST_FILE = DublinBicycleStands/Info.plist;
				LD_RUNPATH_SEARCH_PATHS = "$(inherited) @executable_path/Frameworks";
				PRODUCT_BUNDLE_IDENTIFIER = ie.brianhenry.DublinBicycleStands;
				PRODUCT_NAME = "$(TARGET_NAME)";
			};
			name = Debug;
		};
		A650575C1D0F702C0060DD62 /* Release */ = {
			isa = XCBuildConfiguration;
			buildSettings = {
				ASSETCATALOG_COMPILER_APPICON_NAME = AppIcon;
				INFOPLIST_FILE = DublinBicycleStands/Info.plist;
				LD_RUNPATH_SEARCH_PATHS = "$(inherited) @executable_path/Frameworks";
				PRODUCT_BUNDLE_IDENTIFIER = ie.brianhenry.DublinBicycleStands;
				PRODUCT_NAME = "$(TARGET_NAME)";
			};
			name = Release;
		};
		A650575E1D0F702C0060DD62 /* Debug */ = {
			isa = XCBuildConfiguration;
			buildSettings = {
				BUNDLE_LOADER = "$(TEST_HOST)";
				INFOPLIST_FILE = DublinBicycleStandsTests/Info.plist;
				LD_RUNPATH_SEARCH_PATHS = "$(inherited) @executable_path/Frameworks @loader_path/Frameworks";
				PRODUCT_BUNDLE_IDENTIFIER = ie.brianhenry.DublinBicycleStandsTests;
				PRODUCT_NAME = "$(TARGET_NAME)";
				TEST_HOST = "$(BUILT_PRODUCTS_DIR)/DublinBicycleStands.app/DublinBicycleStands";
			};
			name = Debug;
		};
		A650575F1D0F702C0060DD62 /* Release */ = {
			isa = XCBuildConfiguration;
			buildSettings = {
				BUNDLE_LOADER = "$(TEST_HOST)";
				INFOPLIST_FILE = DublinBicycleStandsTests/Info.plist;
				LD_RUNPATH_SEARCH_PATHS = "$(inherited) @executable_path/Frameworks @loader_path/Frameworks";
				PRODUCT_BUNDLE_IDENTIFIER = ie.brianhenry.DublinBicycleStandsTests;
				PRODUCT_NAME = "$(TARGET_NAME)";
				TEST_HOST = "$(BUILT_PRODUCTS_DIR)/DublinBicycleStands.app/DublinBicycleStands";
			};
			name = Release;
		};
/* End XCBuildConfiguration section */

/* Begin XCConfigurationList section */
		A65057351D0F702B0060DD62 /* Build configuration list for PBXProject "DublinBicycleStands" */ = {
			isa = XCConfigurationList;
			buildConfigurations = (
				A65057581D0F702C0060DD62 /* Debug */,
				A65057591D0F702C0060DD62 /* Release */,
			);
			defaultConfigurationIsVisible = 0;
			defaultConfigurationName = Release;
		};
		A650575A1D0F702C0060DD62 /* Build configuration list for PBXNativeTarget "DublinBicycleStands" */ = {
			isa = XCConfigurationList;
			buildConfigurations = (
				A650575B1D0F702C0060DD62 /* Debug */,
				A650575C1D0F702C0060DD62 /* Release */,
			);
			defaultConfigurationIsVisible = 0;
		};
		A650575D1D0F702C0060DD62 /* Build configuration list for PBXNativeTarget "DublinBicycleStandsTests" */ = {
			isa = XCConfigurationList;
			buildConfigurations = (
				A650575E1D0F702C0060DD62 /* Debug */,
				A650575F1D0F702C0060DD62 /* Release */,
			);
			defaultConfigurationIsVisible = 0;
		};
/* End XCConfigurationList section */

/* Begin XCVersionGroup section */
		A65057441D0F702B0060DD62 /* DublinBicycleStands.xcdatamodeld */ = {
			isa = XCVersionGroup;
			children = (
				A65057451D0F702B0060DD62 /* DublinBicycleStands.xcdatamodel */,
			);
			currentVersion = A65057451D0F702B0060DD62 /* DublinBicycleStands.xcdatamodel */;
			path = DublinBicycleStands.xcdatamodeld;
			sourceTree = "<group>";
			versionGroupType = wrapper.xcdatamodel;
		};
/* End XCVersionGroup section */
	};
	rootObject = A65057321D0F702B0060DD62 /* Project object */;
}
